
Microsoft Visual Studio Solution File, Format Version 12.00
# Visual Studio Version 16
VisualStudioVersion = 16.0.30523.141
MinimumVisualStudioVersion = 10.0.40219.1
Project("{FAE04EC0-301F-11D3-BF4B-00C04F79EFBC}") = "babelDemo001", "babelDemo001.csproj", "{F582726E-E9CC-40CD-B732-A4EA257B450F}"
EndProject
Global
	GlobalSection(SolutionConfigurationPlatforms) = preSolution
		Debug|Any CPU = Debug|Any CPU
		Release|Any CPU = Release|Any CPU
	EndGlobalSection
	GlobalSection(ProjectConfigurationPlatforms) = postSolution
		{F582726E-E9CC-40CD-B732-A4EA257B450F}.Debug|Any CPU.ActiveCfg = Debug|Any CPU
		{F582726E-E9CC-40CD-B732-A4EA257B450F}.Debug|Any CPU.Build.0 = Debug|Any CPU
		{F582726E-E9CC-40CD-B732-A4EA257B450F}.Release|Any CPU.ActiveCfg = Release|Any CPU
		{F582726E-E9CC-40CD-B732-A4EA257B450F}.Release|Any CPU.Build.0 = Release|Any CPU
	EndGlobalSection
	GlobalSection(SolutionProperties) = preSolution
		HideSolutionNode = FALSE
	EndGlobalSection
	GlobalSection(ExtensibilityGlobals) = postSolution
		SolutionGuid = {6FA9B668-B62A-46DA-A686-15D2F6853F1F}
	EndGlobalSection
EndGlobal
