
Microsoft Visual Studio Solution File, Format Version 12.00
# Visual Studio Version 16
VisualStudioVersion = 16.0.30503.244
MinimumVisualStudioVersion = 10.0.40219.1
Project("{FAE04EC0-301F-11D3-BF4B-00C04F79EFBC}") = "MOD02_DEMO", "MOD02_DEMO.csproj", "{F56B6026-83E2-4732-B78E-2335D63D9241}"
EndProject
Global
	GlobalSection(SolutionConfigurationPlatforms) = preSolution
		Debug|Any CPU = Debug|Any CPU
		Release|Any CPU = Release|Any CPU
	EndGlobalSection
	GlobalSection(ProjectConfigurationPlatforms) = postSolution
		{F56B6026-83E2-4732-B78E-2335D63D9241}.Debug|Any CPU.ActiveCfg = Debug|Any CPU
		{F56B6026-83E2-4732-B78E-2335D63D9241}.Debug|Any CPU.Build.0 = Debug|Any CPU
		{F56B6026-83E2-4732-B78E-2335D63D9241}.Release|Any CPU.ActiveCfg = Release|Any CPU
		{F56B6026-83E2-4732-B78E-2335D63D9241}.Release|Any CPU.Build.0 = Release|Any CPU
	EndGlobalSection
	GlobalSection(SolutionProperties) = preSolution
		HideSolutionNode = FALSE
	EndGlobalSection
	GlobalSection(ExtensibilityGlobals) = postSolution
		SolutionGuid = {09F0E7A5-52CD-4A2A-8051-96E2F3DF6CCB}
	EndGlobalSection
EndGlobal
